
Microsoft Visual Studio Solution File, Format Version 12.00
# Visual Studio Version 17
VisualStudioVersion = 17.1.32421.90
MinimumVisualStudioVersion = 10.0.40219.1
Project("{2150E333-8FDC-42A3-9474-1A3956D46DE8}") = "Core", "Core", "{599FB2FC-6599-470F-AAA0-F16C40378609}"
EndProject
Project("{2150E333-8FDC-42A3-9474-1A3956D46DE8}") = "Infrastructure", "Infrastructure", "{EBD7AF77-1AF9-499B-81C0-DF8C6D5E02F7}"
EndProject
Project("{2150E333-8FDC-42A3-9474-1A3956D46DE8}") = "Presentation", "Presentation", "{A0E925FA-7AA8-46F2-A89F-CCEC5CA3F006}"
EndProject
Project("{9A19103F-16F7-4668-BE54-9A1E7A4F7556}") = "my-app-0.API", "my-app-0.API\my-app-0.API.csproj", "{1D05D915-3254-467F-9D8E-59FEEC4F0B72}"
EndProject
Project("{9A19103F-16F7-4668-BE54-9A1E7A4F7556}") = "my-app-0.Application", "my-app-0.Application\my-app-0.Application.csproj", "{D13CAF3A-2D1B-4516-B2D6-C15180CAF171}"
EndProject
Project("{9A19103F-16F7-4668-BE54-9A1E7A4F7556}") = "my-app-0.Domain", "my-app-0.Domain\my-app-0.Domain.csproj", "{AEE65BBF-FFBA-4359-A0E5-A941B7A380A5}"
EndProject
Project("{9A19103F-16F7-4668-BE54-9A1E7A4F7556}") = "my-app-0.Infrastructure", "my-app-0.Infrastructure\my-app-0.Infrastructure.csproj", "{09B0D04B-76A0-4AE7-A845-2F6695D98182}"
EndProject
Project("{9A19103F-16F7-4668-BE54-9A1E7A4F7556}") = "my-app-0.Persistence", "my-app-0.Persistence\my-app-0.Persistence.csproj", "{4ADC3764-E4F3-4E72-9102-CBEA53DA88F4}"
EndProject
Project("{FAE04EC0-301F-11D3-BF4B-00C04F79EFBC}") = "Contracts", "Contracts\Contracts.csproj", "{E2354621-EDFF-42B4-80B6-E320F43AD0C3}"
EndProject
Project("{FAE04EC0-301F-11D3-BF4B-00C04F79EFBC}") = "LoggerService", "LoggerService\LoggerService.csproj", "{A61F51FD-62C9-482A-9DDA-0E317127CEB8}"
EndProject
Project("{FAE04EC0-301F-11D3-BF4B-00C04F79EFBC}") = "Entities", "Entities\Entities.csproj", "{2591DC06-1E8F-4CE6-99A1-3FAC6F58EC5E}"
EndProject
Project("{FAE04EC0-301F-11D3-BF4B-00C04F79EFBC}") = "Repository", "Repository\Repository.csproj", "{8FEA9EBA-7CCA-4EEA-B0D2-2A5200105BE6}"
EndProject
Global
	GlobalSection(SolutionConfigurationPlatforms) = preSolution
		Debug|Any CPU = Debug|Any CPU
		Release|Any CPU = Release|Any CPU
	EndGlobalSection
	GlobalSection(ProjectConfigurationPlatforms) = postSolution
		{1D05D915-3254-467F-9D8E-59FEEC4F0B72}.Debug|Any CPU.ActiveCfg = Debug|Any CPU
		{1D05D915-3254-467F-9D8E-59FEEC4F0B72}.Debug|Any CPU.Build.0 = Debug|Any CPU
		{1D05D915-3254-467F-9D8E-59FEEC4F0B72}.Release|Any CPU.ActiveCfg = Release|Any CPU
		{1D05D915-3254-467F-9D8E-59FEEC4F0B72}.Release|Any CPU.Build.0 = Release|Any CPU
		{D13CAF3A-2D1B-4516-B2D6-C15180CAF171}.Debug|Any CPU.ActiveCfg = Debug|Any CPU
		{D13CAF3A-2D1B-4516-B2D6-C15180CAF171}.Debug|Any CPU.Build.0 = Debug|Any CPU
		{D13CAF3A-2D1B-4516-B2D6-C15180CAF171}.Release|Any CPU.ActiveCfg = Release|Any CPU
		{D13CAF3A-2D1B-4516-B2D6-C15180CAF171}.Release|Any CPU.Build.0 = Release|Any CPU
		{AEE65BBF-FFBA-4359-A0E5-A941B7A380A5}.Debug|Any CPU.ActiveCfg = Debug|Any CPU
		{AEE65BBF-FFBA-4359-A0E5-A941B7A380A5}.Debug|Any CPU.Build.0 = Debug|Any CPU
		{AEE65BBF-FFBA-4359-A0E5-A941B7A380A5}.Release|Any CPU.ActiveCfg = Release|Any CPU
		{AEE65BBF-FFBA-4359-A0E5-A941B7A380A5}.Release|Any CPU.Build.0 = Release|Any CPU
		{09B0D04B-76A0-4AE7-A845-2F6695D98182}.Debug|Any CPU.ActiveCfg = Debug|Any CPU
		{09B0D04B-76A0-4AE7-A845-2F6695D98182}.Debug|Any CPU.Build.0 = Debug|Any CPU
		{09B0D04B-76A0-4AE7-A845-2F6695D98182}.Release|Any CPU.ActiveCfg = Release|Any CPU
		{09B0D04B-76A0-4AE7-A845-2F6695D98182}.Release|Any CPU.Build.0 = Release|Any CPU
		{4ADC3764-E4F3-4E72-9102-CBEA53DA88F4}.Debug|Any CPU.ActiveCfg = Debug|Any CPU
		{4ADC3764-E4F3-4E72-9102-CBEA53DA88F4}.Debug|Any CPU.Build.0 = Debug|Any CPU
		{4ADC3764-E4F3-4E72-9102-CBEA53DA88F4}.Release|Any CPU.ActiveCfg = Release|Any CPU
		{4ADC3764-E4F3-4E72-9102-CBEA53DA88F4}.Release|Any CPU.Build.0 = Release|Any CPU
		{E2354621-EDFF-42B4-80B6-E320F43AD0C3}.Debug|Any CPU.ActiveCfg = Debug|Any CPU
		{E2354621-EDFF-42B4-80B6-E320F43AD0C3}.Debug|Any CPU.Build.0 = Debug|Any CPU
		{E2354621-EDFF-42B4-80B6-E320F43AD0C3}.Release|Any CPU.ActiveCfg = Release|Any CPU
		{E2354621-EDFF-42B4-80B6-E320F43AD0C3}.Release|Any CPU.Build.0 = Release|Any CPU
		{A61F51FD-62C9-482A-9DDA-0E317127CEB8}.Debug|Any CPU.ActiveCfg = Debug|Any CPU
		{A61F51FD-62C9-482A-9DDA-0E317127CEB8}.Debug|Any CPU.Build.0 = Debug|Any CPU
		{A61F51FD-62C9-482A-9DDA-0E317127CEB8}.Release|Any CPU.ActiveCfg = Release|Any CPU
		{A61F51FD-62C9-482A-9DDA-0E317127CEB8}.Release|Any CPU.Build.0 = Release|Any CPU
		{2591DC06-1E8F-4CE6-99A1-3FAC6F58EC5E}.Debug|Any CPU.ActiveCfg = Debug|Any CPU
		{2591DC06-1E8F-4CE6-99A1-3FAC6F58EC5E}.Debug|Any CPU.Build.0 = Debug|Any CPU
		{2591DC06-1E8F-4CE6-99A1-3FAC6F58EC5E}.Release|Any CPU.ActiveCfg = Release|Any CPU
		{2591DC06-1E8F-4CE6-99A1-3FAC6F58EC5E}.Release|Any CPU.Build.0 = Release|Any CPU
		{8FEA9EBA-7CCA-4EEA-B0D2-2A5200105BE6}.Debug|Any CPU.ActiveCfg = Debug|Any CPU
		{8FEA9EBA-7CCA-4EEA-B0D2-2A5200105BE6}.Debug|Any CPU.Build.0 = Debug|Any CPU
		{8FEA9EBA-7CCA-4EEA-B0D2-2A5200105BE6}.Release|Any CPU.ActiveCfg = Release|Any CPU
		{8FEA9EBA-7CCA-4EEA-B0D2-2A5200105BE6}.Release|Any CPU.Build.0 = Release|Any CPU
	EndGlobalSection
	GlobalSection(SolutionProperties) = preSolution
		HideSolutionNode = FALSE
	EndGlobalSection
	GlobalSection(NestedProjects) = preSolution
		{1D05D915-3254-467F-9D8E-59FEEC4F0B72} = {A0E925FA-7AA8-46F2-A89F-CCEC5CA3F006}
		{D13CAF3A-2D1B-4516-B2D6-C15180CAF171} = {599FB2FC-6599-470F-AAA0-F16C40378609}
		{AEE65BBF-FFBA-4359-A0E5-A941B7A380A5} = {599FB2FC-6599-470F-AAA0-F16C40378609}
		{09B0D04B-76A0-4AE7-A845-2F6695D98182} = {EBD7AF77-1AF9-499B-81C0-DF8C6D5E02F7}
		{4ADC3764-E4F3-4E72-9102-CBEA53DA88F4} = {EBD7AF77-1AF9-499B-81C0-DF8C6D5E02F7}
	EndGlobalSection
	GlobalSection(ExtensibilityGlobals) = postSolution
		SolutionGuid = {52966A7F-4F2B-4AD8-867B-A24C2AF076F1}
	EndGlobalSection
EndGlobal
